
Microsoft Visual Studio Solution File, Format Version 12.00
# Visual Studio 14
VisualStudioVersion = 14.0.25123.0
MinimumVisualStudioVersion = 10.0.40219.1
Project("{FAE04EC0-301F-11D3-BF4B-00C04F79EFBC}") = "Minecraft 地圖匯出工具", "Minecraft 地圖匯出工具.csproj", "{865139F8-0F97-4D69-905D-C25A62FB4FCA}"
EndProject
Global
	GlobalSection(SolutionConfigurationPlatforms) = preSolution
		Debug|Any CPU = Debug|Any CPU
		Release|Any CPU = Release|Any CPU
	EndGlobalSection
	GlobalSection(ProjectConfigurationPlatforms) = postSolution
		{865139F8-0F97-4D69-905D-C25A62FB4FCA}.Debug|Any CPU.ActiveCfg = Debug|Any CPU
		{865139F8-0F97-4D69-905D-C25A62FB4FCA}.Debug|Any CPU.Build.0 = Debug|Any CPU
		{865139F8-0F97-4D69-905D-C25A62FB4FCA}.Release|Any CPU.ActiveCfg = Release|Any CPU
		{865139F8-0F97-4D69-905D-C25A62FB4FCA}.Release|Any CPU.Build.0 = Release|Any CPU
	EndGlobalSection
	GlobalSection(SolutionProperties) = preSolution
		HideSolutionNode = FALSE
	EndGlobalSection
EndGlobal
